
Microsoft Visual Studio Solution File, Format Version 12.00
# Visual Studio Version 17
VisualStudioVersion = 17.0.31903.59
MinimumVisualStudioVersion = 10.0.40219.1
Project("{2150E333-8FDC-42A3-9474-1A3956D46DE8}") = "src", "src", "{827E0CD3-B72D-47B6-A68D-7590B98EB39B}"
EndProject
Project("{FAE04EC0-301F-11D3-BF4B-00C04F79EFBC}") = "RemoteShutdown.Agent.Core", "src\RemoteShutdown.Agent.Core\RemoteShutdown.Agent.Core.csproj", "{9D33AFE6-07E3-46CA-9A7D-E40D8738234D}"
EndProject
Project("{FAE04EC0-301F-11D3-BF4B-00C04F79EFBC}") = "RemoteShutdown.Agent.Api", "src\RemoteShutdown.Agent.Api\RemoteShutdown.Agent.Api.csproj", "{38D07B49-93FD-4E3B-A8FD-CF805C23FCB3}"
EndProject
Project("{FAE04EC0-301F-11D3-BF4B-00C04F79EFBC}") = "RemoteShutdown.Agent.Service", "src\RemoteShutdown.Agent.Service\RemoteShutdown.Agent.Service.csproj", "{92F653A2-D4F9-459D-85E3-5A9CD66526BD}"
EndProject
Project("{2150E333-8FDC-42A3-9474-1A3956D46DE8}") = "tests", "tests", "{0AB3BF05-4346-4AA6-1389-037BE0695223}"
EndProject
Project("{FAE04EC0-301F-11D3-BF4B-00C04F79EFBC}") = "RemoteShutdown.Agent.Core.Tests", "tests\RemoteShutdown.Agent.Core.Tests\RemoteShutdown.Agent.Core.Tests.csproj", "{8F4A47B2-C459-4638-8CCD-0C9642E6790E}"
EndProject
Global
	GlobalSection(SolutionConfigurationPlatforms) = preSolution
		Debug|Any CPU = Debug|Any CPU
		Debug|x64 = Debug|x64
		Debug|x86 = Debug|x86
		Release|Any CPU = Release|Any CPU
		Release|x64 = Release|x64
		Release|x86 = Release|x86
	EndGlobalSection
	GlobalSection(ProjectConfigurationPlatforms) = postSolution
		{9D33AFE6-07E3-46CA-9A7D-E40D8738234D}.Debug|Any CPU.ActiveCfg = Debug|Any CPU
		{9D33AFE6-07E3-46CA-9A7D-E40D8738234D}.Debug|Any CPU.Build.0 = Debug|Any CPU
		{9D33AFE6-07E3-46CA-9A7D-E40D8738234D}.Debug|x64.ActiveCfg = Debug|Any CPU
		{9D33AFE6-07E3-46CA-9A7D-E40D8738234D}.Debug|x64.Build.0 = Debug|Any CPU
		{9D33AFE6-07E3-46CA-9A7D-E40D8738234D}.Debug|x86.ActiveCfg = Debug|Any CPU
		{9D33AFE6-07E3-46CA-9A7D-E40D8738234D}.Debug|x86.Build.0 = Debug|Any CPU
		{9D33AFE6-07E3-46CA-9A7D-E40D8738234D}.Release|Any CPU.ActiveCfg = Release|Any CPU
		{9D33AFE6-07E3-46CA-9A7D-E40D8738234D}.Release|Any CPU.Build.0 = Release|Any CPU
		{9D33AFE6-07E3-46CA-9A7D-E40D8738234D}.Release|x64.ActiveCfg = Release|Any CPU
		{9D33AFE6-07E3-46CA-9A7D-E40D8738234D}.Release|x64.Build.0 = Release|Any CPU
		{9D33AFE6-07E3-46CA-9A7D-E40D8738234D}.Release|x86.ActiveCfg = Release|Any CPU
		{9D33AFE6-07E3-46CA-9A7D-E40D8738234D}.Release|x86.Build.0 = Release|Any CPU
		{38D07B49-93FD-4E3B-A8FD-CF805C23FCB3}.Debug|Any CPU.ActiveCfg = Debug|Any CPU
		{38D07B49-93FD-4E3B-A8FD-CF805C23FCB3}.Debug|Any CPU.Build.0 = Debug|Any CPU
		{38D07B49-93FD-4E3B-A8FD-CF805C23FCB3}.Debug|x64.ActiveCfg = Debug|Any CPU
		{38D07B49-93FD-4E3B-A8FD-CF805C23FCB3}.Debug|x64.Build.0 = Debug|Any CPU
		{38D07B49-93FD-4E3B-A8FD-CF805C23FCB3}.Debug|x86.ActiveCfg = Debug|Any CPU
		{38D07B49-93FD-4E3B-A8FD-CF805C23FCB3}.Debug|x86.Build.0 = Debug|Any CPU
		{38D07B49-93FD-4E3B-A8FD-CF805C23FCB3}.Release|Any CPU.ActiveCfg = Release|Any CPU
		{38D07B49-93FD-4E3B-A8FD-CF805C23FCB3}.Release|Any CPU.Build.0 = Release|Any CPU
		{38D07B49-93FD-4E3B-A8FD-CF805C23FCB3}.Release|x64.ActiveCfg = Release|Any CPU
		{38D07B49-93FD-4E3B-A8FD-CF805C23FCB3}.Release|x64.Build.0 = Release|Any CPU
		{38D07B49-93FD-4E3B-A8FD-CF805C23FCB3}.Release|x86.ActiveCfg = Release|Any CPU
		{38D07B49-93FD-4E3B-A8FD-CF805C23FCB3}.Release|x86.Build.0 = Release|Any CPU
		{92F653A2-D4F9-459D-85E3-5A9CD66526BD}.Debug|Any CPU.ActiveCfg = Debug|Any CPU
		{92F653A2-D4F9-459D-85E3-5A9CD66526BD}.Debug|Any CPU.Build.0 = Debug|Any CPU
		{92F653A2-D4F9-459D-85E3-5A9CD66526BD}.Debug|x64.ActiveCfg = Debug|Any CPU
		{92F653A2-D4F9-459D-85E3-5A9CD66526BD}.Debug|x64.Build.0 = Debug|Any CPU
		{92F653A2-D4F9-459D-85E3-5A9CD66526BD}.Debug|x86.ActiveCfg = Debug|Any CPU
		{92F653A2-D4F9-459D-85E3-5A9CD66526BD}.Debug|x86.Build.0 = Debug|Any CPU
		{92F653A2-D4F9-459D-85E3-5A9CD66526BD}.Release|Any CPU.ActiveCfg = Release|Any CPU
		{92F653A2-D4F9-459D-85E3-5A9CD66526BD}.Release|Any CPU.Build.0 = Release|Any CPU
		{92F653A2-D4F9-459D-85E3-5A9CD66526BD}.Release|x64.ActiveCfg = Release|Any CPU
		{92F653A2-D4F9-459D-85E3-5A9CD66526BD}.Release|x64.Build.0 = Release|Any CPU
		{92F653A2-D4F9-459D-85E3-5A9CD66526BD}.Release|x86.ActiveCfg = Release|Any CPU
		{92F653A2-D4F9-459D-85E3-5A9CD66526BD}.Release|x86.Build.0 = Release|Any CPU
		{8F4A47B2-C459-4638-8CCD-0C9642E6790E}.Debug|Any CPU.ActiveCfg = Debug|Any CPU
		{8F4A47B2-C459-4638-8CCD-0C9642E6790E}.Debug|Any CPU.Build.0 = Debug|Any CPU
		{8F4A47B2-C459-4638-8CCD-0C9642E6790E}.Debug|x64.ActiveCfg = Debug|Any CPU
		{8F4A47B2-C459-4638-8CCD-0C9642E6790E}.Debug|x64.Build.0 = Debug|Any CPU
		{8F4A47B2-C459-4638-8CCD-0C9642E6790E}.Debug|x86.ActiveCfg = Debug|Any CPU
		{8F4A47B2-C459-4638-8CCD-0C9642E6790E}.Debug|x86.Build.0 = Debug|Any CPU
		{8F4A47B2-C459-4638-8CCD-0C9642E6790E}.Release|Any CPU.ActiveCfg = Release|Any CPU
		{8F4A47B2-C459-4638-8CCD-0C9642E6790E}.Release|Any CPU.Build.0 = Release|Any CPU
		{8F4A47B2-C459-4638-8CCD-0C9642E6790E}.Release|x64.ActiveCfg = Release|Any CPU
		{8F4A47B2-C459-4638-8CCD-0C9642E6790E}.Release|x64.Build.0 = Release|Any CPU
		{8F4A47B2-C459-4638-8CCD-0C9642E6790E}.Release|x86.ActiveCfg = Release|Any CPU
		{8F4A47B2-C459-4638-8CCD-0C9642E6790E}.Release|x86.Build.0 = Release|Any CPU
	EndGlobalSection
	GlobalSection(SolutionProperties) = preSolution
		HideSolutionNode = FALSE
	EndGlobalSection
	GlobalSection(NestedProjects) = preSolution
		{9D33AFE6-07E3-46CA-9A7D-E40D8738234D} = {827E0CD3-B72D-47B6-A68D-7590B98EB39B}
		{38D07B49-93FD-4E3B-A8FD-CF805C23FCB3} = {827E0CD3-B72D-47B6-A68D-7590B98EB39B}
		{92F653A2-D4F9-459D-85E3-5A9CD66526BD} = {827E0CD3-B72D-47B6-A68D-7590B98EB39B}
		{8F4A47B2-C459-4638-8CCD-0C9642E6790E} = {0AB3BF05-4346-4AA6-1389-037BE0695223}
	EndGlobalSection
EndGlobal
